NeoBundleLock MatchTagAlways 352eb479a4ad1608e0880b79ab2357aac2cf4bed
NeoBundleLock SyntaxComplete 192a6c160a4f8968182952dd711e9006e76ae0da
NeoBundleLock delimitMate 728b57a6564c1d2bdfb9b9e0f2f8c5ba3d7e0c5c
NeoBundleLock deoplete.nvim ac4e8b56115f1bdcda5401ea7eeb1b5a3046ebe3
NeoBundleLock editorconfig-vim 14376e0e7f8118af7297daa8d4f5f261ca4efacb
NeoBundleLock emmet-vim ed79a9264d66def73c1ccc10198a58ebe1531ba4
NeoBundleLock es.next.syntax.vim 81665d04cb8d522dd71c4273e65bc1be8fc9dbca
NeoBundleLock indentLine a97b6d12ae06c2db524e2ceba976f1d4f4637cb7
NeoBundleLock javascript-libraries-syntax.vim 6b16bf54cc89a6f81a6126c0df73a3407df491bf
NeoBundleLock molokai c67bdfcdb31415aa0ade7f8c003261700a885476
NeoBundleLock neco-vim e00c3a16dc682e664e6372de83f08084ddee2f32
NeoBundleLock neobundle.vim 4c9a273fd085db60368b3f0fe5a4f2acf2c121df
NeoBundleLock neoinclude.vim c3bdde8038782efa224b686dca335e50bb9d7a8d
NeoBundleLock neomake d9c1c8b27d1a8bd5a3f2f22882e43028754643ca
NeoBundleLock neosnippet-snippets 63c9182d34a618f8dfc22d7c2a3f4ffe3d7101ef
NeoBundleLock neosnippet.vim b0d6b1c7e0a4ea1c72b10a859c8a5de938e1f708
NeoBundleLock nerdtree 5782b228e495c733af4ba2e547e5dc44ebc8bc25
NeoBundleLock nerdtree-git-plugin 6a9b3122cb89b3a45ec444f9787a895125aca8aa
NeoBundleLock oceanic-next 312fcb874a332d4adfdf412bb766efbbde25a7cd
NeoBundleLock rust.vim a54bc38126913dc32f69f5355992fa8fe7925b00
NeoBundleLock split-term.vim 5c0e84afb08d661c586fbc9f36b7aae6bd1d8d76
NeoBundleLock switch.vim 0daa5d7cf03bd831cbbfb2e5d80bfe5307243956
NeoBundleLock tcomment_vim 7cba1bbc2f8f1da0a854ae80eefc74f3a8402dab
NeoBundleLock terminus 757039745651b8d035942fc9b1aa9fac8f77d474
NeoBundleLock tigris.nvim 3f352d0f22e16f37cc5f14cfc90375f781134b51
NeoBundleLock tlib_vim c96db6151fde9d06a8fed71b7df05c6dbb3f14fe
NeoBundleLock unite.vim ad15f96365b5cb43a45d0ca779df6a497f954f15
NeoBundleLock vim-addon-mw-utils 0c5612fa31ee434ba055e21c76f456244b3b5109
NeoBundleLock vim-autoformat 2ecb5555dbec2737ac903222746669ca354afc04
NeoBundleLock vim-better-javascript-completion 46ba1601d6ed378920dcc80247759d34b96a6032
NeoBundleLock vim-coloresque 0c21b1469993e610600e88e734ffe90b9c10a514
NeoBundleLock vim-css3-syntax ed97cb711102ed267eb40f02fb2d3835eed06944
NeoBundleLock vim-es7 2ac146589b0022470168f436c77ea5a6c8dd0b2a
NeoBundleLock vim-fugitive 913fff1cea3aa1a08a360a494fa05555e59147f5
NeoBundleLock vim-gitgutter dc73a81bfe59a9de090b89a1312ded3c6f6a6f89
NeoBundleLock vim-instant-markdown 5f592bdb0288710205176f189c3203fd40a6ee2e
NeoBundleLock vim-json f5e3181d0b33a9c51377bb7ea8492feddca8b503
NeoBundleLock vim-markdown a7dbc314569aa85db80c106d73b1664e385b6ae7
NeoBundleLock vim-material 96838de342457a4da0e9792fa36efd2ee5cbd301
NeoBundleLock vim-monokai ef7e26f73bda815b3352edb24872091083785607
NeoBundleLock vim-node 13b31218447335e176d46dd5f497b274f7f49595
NeoBundleLock vim-one 091ad881198372f756ebe6a179e087b693e8db85
NeoBundleLock vim-snipmate a9802f2351910f64b70fb10b63651e6ff6b8125e
NeoBundleLock vim-snippets d52a0936ede89b0fbbf122aa8d184fda1ca5ec0b
NeoBundleLock vim-surround e49d6c2459e0f5569ff2d533b4df995dd7f98313
NeoBundleLock yajs.vim 744d1923871aaa9e7c515450de4432510ecb92f5
